// !$*UTF8*$!
{
	archiveVersion = 1;
	classes = {
	};
	objectVersion = 46;
	objects = {

/* Begin PBXBuildFile section */
		28CD0F411B12FB1E00365DCA /* main.m in Sources */ = {isa = PBXBuildFile; fileRef = 28CD0F401B12FB1E00365DCA /* main.m */; };
		28CD0F441B12FB1E00365DCA /* AppDelegate.m in Sources */ = {isa = PBXBuildFile; fileRef = 28CD0F431B12FB1E00365DCA /* AppDelegate.m */; };
		28CD0F471B12FB1E00365DCA /* ViewController.m in Sources */ = {isa = PBXBuildFile; fileRef = 28CD0F461B12FB1E00365DCA /* ViewController.m */; };
		28CD0F4A1B12FB1E00365DCA /* Main.storyboard in Resources */ = {isa = PBXBuildFile; fileRef = 28CD0F481B12FB1E00365DCA /* Main.storyboard */; };
		28CD0F4C1B12FB1E00365DCA /* Images.xcassets in Resources */ = {isa = PBXBuildFile; fileRef = 28CD0F4B1B12FB1E00365DCA /* Images.xcassets */; };
		28CD0F4F1B12FB1E00365DCA /* LaunchScreen.xib in Resources */ = {isa = PBXBuildFile; fileRef = 28CD0F4D1B12FB1E00365DCA /* LaunchScreen.xib */; };
		28CD0F5B1B12FB1E00365DCA /* ScrollViewTests.m in Sources */ = {isa = PBXBuildFile; fileRef = 28CD0F5A1B12FB1E00365DCA /* ScrollViewTests.m */; };
		28CD0F691B13024500365DCA /* NMMAutolayoutScrollView.m in Sources */ = {isa = PBXBuildFile; fileRef = 28CD0F681B13024500365DCA /* NMMAutolayoutScrollView.m */; };
		28EA050D1B5B77B300B7E4A1 /* NMMLayoutConstraintColletion.m in Sources */ = {isa = PBXBuildFile; fileRef = 28EA050C1B5B77B300B7E4A1 /* NMMLayoutConstraintColletion.m */; };
/* End PBXBuildFile section */

/* Begin PBXContainerItemProxy section */
		28CD0F551B12FB1E00365DCA /* PBXContainerItemProxy */ = {
			isa = PBXContainerItemProxy;
			containerPortal = 28CD0F331B12FB1E00365DCA /* Project object */;
			proxyType = 1;
			remoteGlobalIDString = 28CD0F3A1B12FB1E00365DCA;
			remoteInfo = ScrollView;
		};
/* End PBXContainerItemProxy section */

/* Begin PBXFileReference section */
		28CD0F3B1B12FB1E00365DCA /* ScrollView.app */ = {isa = PBXFileReference; explicitFileType = wrapper.application; includeInIndex = 0; path = ScrollView.app; sourceTree = BUILT_PRODUCTS_DIR; };
		28CD0F3F1B12FB1E00365DCA /* Info.plist */ = {isa = PBXFileReference; lastKnownFileType = text.plist.xml; path = Info.plist; sourceTree = "<group>"; };
		28CD0F401B12FB1E00365DCA /* main.m */ = {isa = PBXFileReference; lastKnownFileType = sourcecode.c.objc; path = main.m; sourceTree = "<group>"; };
		28CD0F421B12FB1E00365DCA /* AppDelegate.h */ = {isa = PBXFileReference; lastKnownFileType = sourcecode.c.h; path = AppDelegate.h; sourceTree = "<group>"; };
		28CD0F431B12FB1E00365DCA /* AppDelegate.m */ = {isa = PBXFileReference; lastKnownFileType = sourcecode.c.objc; path = AppDelegate.m; sourceTree = "<group>"; };
		28CD0F451B12FB1E00365DCA /* ViewController.h */ = {isa = PBXFileReference; lastKnownFileType = sourcecode.c.h; path = ViewController.h; sourceTree = "<group>"; };
		28CD0F461B12FB1E00365DCA /* ViewController.m */ = {isa = PBXFileReference; lastKnownFileType = sourcecode.c.objc; path = ViewController.m; sourceTree = "<group>"; };
		28CD0F491B12FB1E00365DCA /* Base */ = {isa = PBXFileReference; lastKnownFileType = file.storyboard; name = Base; path = Base.lproj/Main.storyboard; sourceTree = "<group>"; };
		28CD0F4B1B12FB1E00365DCA /* Images.xcassets */ = {isa = PBXFileReference; lastKnownFileType = folder.assetcatalog; path = Images.xcassets; sourceTree = "<group>"; };
		28CD0F4E1B12FB1E00365DCA /* Base */ = {isa = PBXFileReference; lastKnownFileType = file.xib; name = Base; path = Base.lproj/LaunchScreen.xib; sourceTree = "<group>"; };
		28CD0F541B12FB1E00365DCA /* ScrollViewTests.xctest */ = {isa = PBXFileReference; explicitFileType = wrapper.cfbundle; includeInIndex = 0; path = ScrollViewTests.xctest; sourceTree = BUILT_PRODUCTS_DIR; };
		28CD0F591B12FB1E00365DCA /* Info.plist */ = {isa = PBXFileReference; lastKnownFileType = text.plist.xml; path = Info.plist; sourceTree = "<group>"; };
		28CD0F5A1B12FB1E00365DCA /* ScrollViewTests.m */ = {isa = PBXFileReference; lastKnownFileType = sourcecode.c.objc; path = ScrollViewTests.m; sourceTree = "<group>"; };
		28CD0F671B13024500365DCA /* NMMAutolayoutScrollView.h */ = {isa = PBXFileReference; fileEncoding = 4; lastKnownFileType = sourcecode.c.h; path = NMMAutolayoutScrollView.h; sourceTree = "<group>"; };
		28CD0F681B13024500365DCA /* NMMAutolayoutScrollView.m */ = {isa = PBXFileReference; fileEncoding = 4; lastKnownFileType = sourcecode.c.objc; path = NMMAutolayoutScrollView.m; sourceTree = "<group>"; };
		28EA050B1B5B77B300B7E4A1 /* NMMLayoutConstraintColletion.h */ = {isa = PBXFileReference; fileEncoding = 4; lastKnownFileType = sourcecode.c.h; path = NMMLayoutConstraintColletion.h; sourceTree = "<group>"; };
		28EA050C1B5B77B300B7E4A1 /* NMMLayoutConstraintColletion.m */ = {isa = PBXFileReference; fileEncoding = 4; lastKnownFileType = sourcecode.c.objc; path = NMMLayoutConstraintColletion.m; sourceTree = "<group>"; };
/* End PBXFileReference section */

/* Begin PBXFrameworksBuildPhase section */
		28CD0F381B12FB1E00365DCA /* Frameworks */ = {
			isa = PBXFrameworksBuildPhase;
			buildActionMask = 2147483647;
			files = (
			);
			runOnlyForDeploymentPostprocessing = 0;
		};
		28CD0F511B12FB1E00365DCA /* Frameworks */ = {
			isa = PBXFrameworksBuildPhase;
			buildActionMask = 2147483647;
			files = (
			);
			runOnlyForDeploymentPostprocessing = 0;
		};
/* End PBXFrameworksBuildPhase section */

/* Begin PBXGroup section */
		28CD0F321B12FB1E00365DCA = {
			isa = PBXGroup;
			children = (
				28CD0F3D1B12FB1E00365DCA /* ScrollView */,
				28CD0F571B12FB1E00365DCA /* ScrollViewTests */,
				28CD0F3C1B12FB1E00365DCA /* Products */,
			);
			sourceTree = "<group>";
		};
		28CD0F3C1B12FB1E00365DCA /* Products */ = {
			isa = PBXGroup;
			children = (
				28CD0F3B1B12FB1E00365DCA /* ScrollView.app */,
				28CD0F541B12FB1E00365DCA /* ScrollViewTests.xctest */,
			);
			name = Products;
			sourceTree = "<group>";
		};
		28CD0F3D1B12FB1E00365DCA /* ScrollView */ = {
			isa = PBXGroup;
			children = (
				28CD0F421B12FB1E00365DCA /* AppDelegate.h */,
				28CD0F431B12FB1E00365DCA /* AppDelegate.m */,
				28CD0F451B12FB1E00365DCA /* ViewController.h */,
				28CD0F461B12FB1E00365DCA /* ViewController.m */,
				28CD0F671B13024500365DCA /* NMMAutolayoutScrollView.h */,
				28CD0F681B13024500365DCA /* NMMAutolayoutScrollView.m */,
				28EA050B1B5B77B300B7E4A1 /* NMMLayoutConstraintColletion.h */,
				28EA050C1B5B77B300B7E4A1 /* NMMLayoutConstraintColletion.m */,
				28CD0F481B12FB1E00365DCA /* Main.storyboard */,
				28CD0F4B1B12FB1E00365DCA /* Images.xcassets */,
				28CD0F4D1B12FB1E00365DCA /* LaunchScreen.xib */,
				28CD0F3E1B12FB1E00365DCA /* Supporting Files */,
			);
			path = ScrollView;
			sourceTree = "<group>";
		};
		28CD0F3E1B12FB1E00365DCA /* Supporting Files */ = {
			isa = PBXGroup;
			children = (
				28CD0F3F1B12FB1E00365DCA /* Info.plist */,
				28CD0F401B12FB1E00365DCA /* main.m */,
			);
			name = "Supporting Files";
			sourceTree = "<group>";
		};
		28CD0F571B12FB1E00365DCA /* ScrollViewTests */ = {
			isa = PBXGroup;
			children = (
				28CD0F5A1B12FB1E00365DCA /* ScrollViewTests.m */,
				28CD0F581B12FB1E00365DCA /* Supporting Files */,
			);
			path = ScrollViewTests;
			sourceTree = "<group>";
		};
		28CD0F581B12FB1E00365DCA /* Supporting Files */ = {
			isa = PBXGroup;
			children = (
				28CD0F591B12FB1E00365DCA /* Info.plist */,
			);
			name = "Supporting Files";
			sourceTree = "<group>";
		};
/* End PBXGroup section */

/* Begin PBXNativeTarget section */
		28CD0F3A1B12FB1E00365DCA /* ScrollView */ = {
			isa = PBXNativeTarget;
			buildConfigurationList = 28CD0F5E1B12FB1E00365DCA /* Build configuration list for PBXNativeTarget "ScrollView" */;
			buildPhases = (
				28CD0F371B12FB1E00365DCA /* Sources */,
				28CD0F381B12FB1E00365DCA /* Frameworks */,
				28CD0F391B12FB1E00365DCA /* Resources */,
			);
			buildRules = (
			);
			dependencies = (
			);
			name = ScrollView;
			productName = ScrollView;
			productReference = 28CD0F3B1B12FB1E00365DCA /* ScrollView.app */;
			productType = "com.apple.product-type.application";
		};
		28CD0F531B12FB1E00365DCA /* ScrollViewTests */ = {
			isa = PBXNativeTarget;
			buildConfigurationList = 28CD0F611B12FB1E00365DCA /* Build configuration list for PBXNativeTarget "ScrollViewTests" */;
			buildPhases = (
				28CD0F501B12FB1E00365DCA /* Sources */,
				28CD0F511B12FB1E00365DCA /* Frameworks */,
				28CD0F521B12FB1E00365DCA /* Resources */,
			);
			buildRules = (
			);
			dependencies = (
				28CD0F561B12FB1E00365DCA /* PBXTargetDependency */,
			);
			name = ScrollViewTests;
			productName = ScrollViewTests;
			productReference = 28CD0F541B12FB1E00365DCA /* ScrollViewTests.xctest */;
			productType = "com.apple.product-type.bundle.unit-test";
		};
/* End PBXNativeTarget section */

/* Begin PBXProject section */
		28CD0F331B12FB1E00365DCA /* Project object */ = {
			isa = PBXProject;
			attributes = {
				LastUpgradeCheck = 0630;
				ORGANIZATIONNAME = "张珏";
				TargetAttributes = {
					28CD0F3A1B12FB1E00365DCA = {
						CreatedOnToolsVersion = 6.3.1;
					};
					28CD0F531B12FB1E00365DCA = {
						CreatedOnToolsVersion = 6.3.1;
						TestTargetID = 28CD0F3A1B12FB1E00365DCA;
					};
				};
			};
			buildConfigurationList = 28CD0F361B12FB1E00365DCA /* Build configuration list for PBXProject "ScrollView" */;
			compatibilityVersion = "Xcode 3.2";
			developmentRegion = English;
			hasScannedForEncodings = 0;
			knownRegions = (
				en,
				Base,
			);
			mainGroup = 28CD0F321B12FB1E00365DCA;
			productRefGroup = 28CD0F3C1B12FB1E00365DCA /* Products */;
			projectDirPath = "";
			projectRoot = "";
			targets = (
				28CD0F3A1B12FB1E00365DCA /* ScrollView */,
				28CD0F531B12FB1E00365DCA /* ScrollViewTests */,
			);
		};
/* End PBXProject section */

/* Begin PBXResourcesBuildPhase section */
		28CD0F391B12FB1E00365DCA /* Resources */ = {
			isa = PBXResourcesBuildPhase;
			buildActionMask = 2147483647;
			files = (
				28CD0F4A1B12FB1E00365DCA /* Main.storyboard in Resources */,
				28CD0F4F1B12FB1E00365DCA /* LaunchScreen.xib in Resources */,
				28CD0F4C1B12FB1E00365DCA /* Images.xcassets in Resources */,
			);
			runOnlyForDeploymentPostprocessing = 0;
		};
		28CD0F521B12FB1E00365DCA /* Resources */ = {
			isa = PBXResourcesBuildPhase;
			buildActionMask = 2147483647;
			files = (
			);
			runOnlyForDeploymentPostprocessing = 0;
		};
/* End PBXResourcesBuildPhase section */

/* Begin PBXSourcesBuildPhase section */
		28CD0F371B12FB1E00365DCA /* Sources */ = {
			isa = PBXSourcesBuildPhase;
			buildActionMask = 2147483647;
			files = (
				28CD0F691B13024500365DCA /* NMMAutolayoutScrollView.m in Sources */,
				28CD0F471B12FB1E00365DCA /* ViewController.m in Sources */,
				28CD0F441B12FB1E00365DCA /* AppDelegate.m in Sources */,
				28CD0F411B12FB1E00365DCA /* main.m in Sources */,
				28EA050D1B5B77B300B7E4A1 /* NMMLayoutConstraintColletion.m in Sources */,
			);
			runOnlyForDeploymentPostprocessing = 0;
		};
		28CD0F501B12FB1E00365DCA /* Sources */ = {
			isa = PBXSourcesBuildPhase;
			buildActionMask = 2147483647;
			files = (
				28CD0F5B1B12FB1E00365DCA /* ScrollViewTests.m in Sources */,
			);
			runOnlyForDeploymentPostprocessing = 0;
		};
/* End PBXSourcesBuildPhase section */

/* Begin PBXTargetDependency section */
		28CD0F561B12FB1E00365DCA /* PBXTargetDependency */ = {
			isa = PBXTargetDependency;
			target = 28CD0F3A1B12FB1E00365DCA /* ScrollView */;
			targetProxy = 28CD0F551B12FB1E00365DCA /* PBXContainerItemProxy */;
		};
/* End PBXTargetDependency section */

/* Begin PBXVariantGroup section */
		28CD0F481B12FB1E00365DCA /* Main.storyboard */ = {
			isa = PBXVariantGroup;
			children = (
				28CD0F491B12FB1E00365DCA /* Base */,
			);
			name = Main.storyboard;
			sourceTree = "<group>";
		};
		28CD0F4D1B12FB1E00365DCA /* LaunchScreen.xib */ = {
			isa = PBXVariantGroup;
			children = (
				28CD0F4E1B12FB1E00365DCA /* Base */,
			);
			name = LaunchScreen.xib;
			sourceTree = "<group>";
		};
/* End PBXVariantGroup section */

/* Begin XCBuildConfiguration section */
		28CD0F5C1B12FB1E00365DCA /* Debug */ = {
			isa = XCBuildConfiguration;
			buildSettings = {
				ALWAYS_SEARCH_USER_PATHS = NO;
				CLANG_CXX_LANGUAGE_STANDARD = "gnu++0x";
				CLANG_CXX_LIBRARY = "libc++";
				CLANG_ENABLE_MODULES = YES;
				CLANG_ENABLE_OBJC_ARC = YES;
				CLANG_WARN_BOOL_CONVERSION = YES;
				CLANG_WARN_CONSTANT_CONVERSION = YES;
				CLANG_WARN_DIRECT_OBJC_ISA_USAGE = YES_ERROR;
				CLANG_WARN_EMPTY_BODY = YES;
				CLANG_WARN_ENUM_CONVERSION = YES;
				CLANG_WARN_INT_CONVERSION = YES;
				CLANG_WARN_OBJC_ROOT_CLASS = YES_ERROR;
				CLANG_WARN_UNREACHABLE_CODE = YES;
				CLANG_WARN__DUPLICATE_METHOD_MATCH = YES;
				"CODE_SIGN_IDENTITY[sdk=iphoneos*]" = "iPhone Developer";
				COPY_PHASE_STRIP = NO;
				DEBUG_INFORMATION_FORMAT = "dwarf-with-dsym";
				ENABLE_STRICT_OBJC_MSGSEND = YES;
				GCC_C_LANGUAGE_STANDARD = gnu99;
				GCC_DYNAMIC_NO_PIC = NO;
				GCC_NO_COMMON_BLOCKS = YES;
				GCC_OPTIMIZATION_LEVEL = 0;
				GCC_PREPROCESSOR_DEFINITIONS = (
					"DEBUG=1",
					"$(inherited)",
				);
				GCC_SYMBOLS_PRIVATE_EXTERN = NO;
				GCC_WARN_64_TO_32_BIT_CONVERSION = YES;
				GCC_WARN_ABOUT_RETURN_TYPE = YES_ERROR;
				GCC_WARN_UNDECLARED_SELECTOR = YES;
				GCC_WARN_UNINITIALIZED_AUTOS = YES_AGGRESSIVE;
				GCC_WARN_UNUSED_FUNCTION = YES;
				GCC_WARN_UNUSED_VARIABLE = YES;
				IPHONEOS_DEPLOYMENT_TARGET = 8.3;
				MTL_ENABLE_DEBUG_INFO = YES;
				ONLY_ACTIVE_ARCH = YES;
				SDKROOT = iphoneos;
				TARGETED_DEVICE_FAMILY = "1,2";
			};
			name = Debug;
		};
		28CD0F5D1B12FB1E00365DCA /* Release */ = {
			isa = XCBuildConfiguration;
			buildSettings = {
				ALWAYS_SEARCH_USER_PATHS = NO;
				CLANG_CXX_LANGUAGE_STANDARD = "gnu++0x";
				CLANG_CXX_LIBRARY = "libc++";
				CLANG_ENABLE_MODULES = YES;
				CLANG_ENABLE_OBJC_ARC = YES;
				CLANG_WARN_BOOL_CONVERSION = YES;
				CLANG_WARN_CONSTANT_CONVERSION = YES;
				CLANG_WARN_DIRECT_OBJC_ISA_USAGE = YES_ERROR;
				CLANG_WARN_EMPTY_BODY = YES;
				CLANG_WARN_ENUM_CONVERSION = YES;
				CLANG_WARN_INT_CONVERSION = YES;
				CLANG_WARN_OBJC_ROOT_CLASS = YES_ERROR;
				CLANG_WARN_UNREACHABLE_CODE = YES;
				CLANG_WARN__DUPLICATE_METHOD_MATCH = YES;
				"CODE_SIGN_IDENTITY[sdk=iphoneos*]" = "iPhone Developer";
				COPY_PHASE_STRIP = NO;
				DEBUG_INFORMATION_FORMAT = "dwarf-with-dsym";
				ENABLE_NS_ASSERTIONS = NO;
				ENABLE_STRICT_OBJC_MSGSEND = YES;
				GCC_C_LANGUAGE_STANDARD = gnu99;
				GCC_NO_COMMON_BLOCKS = YES;
				GCC_WARN_64_TO_32_BIT_CONVERSION = YES;
				GCC_WARN_ABOUT_RETURN_TYPE = YES_ERROR;
				GCC_WARN_UNDECLARED_SELECTOR = YES;
				GCC_WARN_UNINITIALIZED_AUTOS = YES_AGGRESSIVE;
				GCC_WARN_UNUSED_FUNCTION = YES;
				GCC_WARN_UNUSED_VARIABLE = YES;
				IPHONEOS_DEPLOYMENT_TARGET = 8.3;
				MTL_ENABLE_DEBUG_INFO = NO;
				SDKROOT = iphoneos;
				TARGETED_DEVICE_FAMILY = "1,2";
				VALIDATE_PRODUCT = YES;
			};
			name = Release;
		};
		28CD0F5F1B12FB1E00365DCA /* Debug */ = {
			isa = XCBuildConfiguration;
			buildSettings = {
				ASSETCATALOG_COMPILER_APPICON_NAME = AppIcon;
				INFOPLIST_FILE = ScrollView/Info.plist;
				LD_RUNPATH_SEARCH_PATHS = "$(inherited) @executable_path/Frameworks";
				PRODUCT_NAME = "$(TARGET_NAME)";
			};
			name = Debug;
		};
		28CD0F601B12FB1E00365DCA /* Release */ = {
			isa = XCBuildConfiguration;
			buildSettings = {
				ASSETCATALOG_COMPILER_APPICON_NAME = AppIcon;
				INFOPLIST_FILE = ScrollView/Info.plist;
				LD_RUNPATH_SEARCH_PATHS = "$(inherited) @executable_path/Frameworks";
				PRODUCT_NAME = "$(TARGET_NAME)";
			};
			name = Release;
		};
		28CD0F621B12FB1E00365DCA /* Debug */ = {
			isa = XCBuildConfiguration;
			buildSettings = {
				BUNDLE_LOADER = "$(TEST_HOST)";
				FRAMEWORK_SEARCH_PATHS = (
					"$(SDKROOT)/Developer/Library/Frameworks",
					"$(inherited)",
				);
				GCC_PREPROCESSOR_DEFINITIONS = (
					"DEBUG=1",
					"$(inherited)",
				);
				INFOPLIST_FILE = ScrollViewTests/Info.plist;
				LD_RUNPATH_SEARCH_PATHS = "$(inherited) @executable_path/Frameworks @loader_path/Frameworks";
				PRODUCT_NAME = "$(TARGET_NAME)";
				TEST_HOST = "$(BUILT_PRODUCTS_DIR)/ScrollView.app/ScrollView";
			};
			name = Debug;
		};
		28CD0F631B12FB1E00365DCA /* Release */ = {
			isa = XCBuildConfiguration;
			buildSettings = {
				BUNDLE_LOADER = "$(TEST_HOST)";
				FRAMEWORK_SEARCH_PATHS = (
					"$(SDKROOT)/Developer/Library/Frameworks",
					"$(inherited)",
				);
				INFOPLIST_FILE = ScrollViewTests/Info.plist;
				LD_RUNPATH_SEARCH_PATHS = "$(inherited) @executable_path/Frameworks @loader_path/Frameworks";
				PRODUCT_NAME = "$(TARGET_NAME)";
				TEST_HOST = "$(BUILT_PRODUCTS_DIR)/ScrollView.app/ScrollView";
			};
			name = Release;
		};
/* End XCBuildConfiguration section */

/* Begin XCConfigurationList section */
		28CD0F361B12FB1E00365DCA /* Build configuration list for PBXProject "ScrollView" */ = {
			isa = XCConfigurationList;
			buildConfigurations = (
				28CD0F5C1B12FB1E00365DCA /* Debug */,
				28CD0F5D1B12FB1E00365DCA /* Release */,
			);
			defaultConfigurationIsVisible = 0;
			defaultConfigurationName = Release;
		};
		28CD0F5E1B12FB1E00365DCA /* Build configuration list for PBXNativeTarget "ScrollView" */ = {
			isa = XCConfigurationList;
			buildConfigurations = (
				28CD0F5F1B12FB1E00365DCA /* Debug */,
				28CD0F601B12FB1E00365DCA /* Release */,
			);
			defaultConfigurationIsVisible = 0;
			defaultConfigurationName = Release;
		};
		28CD0F611B12FB1E00365DCA /* Build configuration list for PBXNativeTarget "ScrollViewTests" */ = {
			isa = XCConfigurationList;
			buildConfigurations = (
				28CD0F621B12FB1E00365DCA /* Debug */,
				28CD0F631B12FB1E00365DCA /* Release */,
			);
			defaultConfigurationIsVisible = 0;
			defaultConfigurationName = Release;
		};
/* End XCConfigurationList section */
	};
	rootObject = 28CD0F331B12FB1E00365DCA /* Project object */;
}
